
Microsoft Visual Studio Solution File, Format Version 12.00
# Visual Studio Version 17
VisualStudioVersion = 17.10.35027.167
MinimumVisualStudioVersion = 10.0.40219.1
Project("{2150E333-8FDC-42A3-9474-1A3956D46DE8}") = "src", "src", "{097FCDF1-3CCF-4049-B916-66051A5BEDEA}"
EndProject
Project("{2150E333-8FDC-42A3-9474-1A3956D46DE8}") = "test", "test", "{A1FDA92E-9EB7-46FD-AC2C-FD918F88B1C8}"
EndProject
Project("{2150E333-8FDC-42A3-9474-1A3956D46DE8}") = "UI", "UI", "{54771131-4B75-40CF-A997-933EE654BF1F}"
EndProject
Project("{2150E333-8FDC-42A3-9474-1A3956D46DE8}") = "Infrastructure", "Infrastructure", "{44EFA60B-BF53-45FF-9CC7-3E25EB80B07F}"
EndProject
Project("{2150E333-8FDC-42A3-9474-1A3956D46DE8}") = "Core", "Core", "{E16AC427-1820-4A3F-8963-EAFEED9F02CD}"
EndProject
Project("{2150E333-8FDC-42A3-9474-1A3956D46DE8}") = "API", "API", "{8B7C5635-98D4-4F77-9FAF-65B5F5D77333}"
EndProject
Project("{FAE04EC0-301F-11D3-BF4B-00C04F79EFBC}") = "Domain", "Domain\Domain.csproj", "{D842E402-D459-407C-8426-90F98D24053A}"
EndProject
Project("{FAE04EC0-301F-11D3-BF4B-00C04F79EFBC}") = "Application", "Application\Application.csproj", "{DF4FCDD0-6CF7-44AC-B3BA-73CB52D03AFD}"
EndProject
Project("{FAE04EC0-301F-11D3-BF4B-00C04F79EFBC}") = "Persistence", "Persistence\Persistence.csproj", "{43741527-B7B2-4863-82CE-28392754F42D}"
EndProject
Project("{FAE04EC0-301F-11D3-BF4B-00C04F79EFBC}") = "Infrastructure", "Infrastructure\Infrastructure.csproj", "{D7CDB51F-E00A-42E3-AA62-3CF87BBFDE87}"
EndProject
Project("{FAE04EC0-301F-11D3-BF4B-00C04F79EFBC}") = "API", "API\API\API.csproj", "{50DB1AE9-0226-43C3-ADC4-92F29431CBCC}"
EndProject
Project("{FAE04EC0-301F-11D3-BF4B-00C04F79EFBC}") = "Identity", "Identity\Identity.csproj", "{31FB2CA3-436A-4BCA-A758-BD52770879C5}"
EndProject
Global
	GlobalSection(SolutionConfigurationPlatforms) = preSolution
		Debug|Any CPU = Debug|Any CPU
		Release|Any CPU = Release|Any CPU
	EndGlobalSection
	GlobalSection(ProjectConfigurationPlatforms) = postSolution
		{D842E402-D459-407C-8426-90F98D24053A}.Debug|Any CPU.ActiveCfg = Debug|Any CPU
		{D842E402-D459-407C-8426-90F98D24053A}.Debug|Any CPU.Build.0 = Debug|Any CPU
		{D842E402-D459-407C-8426-90F98D24053A}.Release|Any CPU.ActiveCfg = Release|Any CPU
		{D842E402-D459-407C-8426-90F98D24053A}.Release|Any CPU.Build.0 = Release|Any CPU
		{DF4FCDD0-6CF7-44AC-B3BA-73CB52D03AFD}.Debug|Any CPU.ActiveCfg = Debug|Any CPU
		{DF4FCDD0-6CF7-44AC-B3BA-73CB52D03AFD}.Debug|Any CPU.Build.0 = Debug|Any CPU
		{DF4FCDD0-6CF7-44AC-B3BA-73CB52D03AFD}.Release|Any CPU.ActiveCfg = Release|Any CPU
		{DF4FCDD0-6CF7-44AC-B3BA-73CB52D03AFD}.Release|Any CPU.Build.0 = Release|Any CPU
		{43741527-B7B2-4863-82CE-28392754F42D}.Debug|Any CPU.ActiveCfg = Debug|Any CPU
		{43741527-B7B2-4863-82CE-28392754F42D}.Debug|Any CPU.Build.0 = Debug|Any CPU
		{43741527-B7B2-4863-82CE-28392754F42D}.Release|Any CPU.ActiveCfg = Release|Any CPU
		{43741527-B7B2-4863-82CE-28392754F42D}.Release|Any CPU.Build.0 = Release|Any CPU
		{D7CDB51F-E00A-42E3-AA62-3CF87BBFDE87}.Debug|Any CPU.ActiveCfg = Debug|Any CPU
		{D7CDB51F-E00A-42E3-AA62-3CF87BBFDE87}.Debug|Any CPU.Build.0 = Debug|Any CPU
		{D7CDB51F-E00A-42E3-AA62-3CF87BBFDE87}.Release|Any CPU.ActiveCfg = Release|Any CPU
		{D7CDB51F-E00A-42E3-AA62-3CF87BBFDE87}.Release|Any CPU.Build.0 = Release|Any CPU
		{50DB1AE9-0226-43C3-ADC4-92F29431CBCC}.Debug|Any CPU.ActiveCfg = Debug|Any CPU
		{50DB1AE9-0226-43C3-ADC4-92F29431CBCC}.Debug|Any CPU.Build.0 = Debug|Any CPU
		{50DB1AE9-0226-43C3-ADC4-92F29431CBCC}.Release|Any CPU.ActiveCfg = Release|Any CPU
		{50DB1AE9-0226-43C3-ADC4-92F29431CBCC}.Release|Any CPU.Build.0 = Release|Any CPU
		{31FB2CA3-436A-4BCA-A758-BD52770879C5}.Debug|Any CPU.ActiveCfg = Debug|Any CPU
		{31FB2CA3-436A-4BCA-A758-BD52770879C5}.Debug|Any CPU.Build.0 = Debug|Any CPU
		{31FB2CA3-436A-4BCA-A758-BD52770879C5}.Release|Any CPU.ActiveCfg = Release|Any CPU
		{31FB2CA3-436A-4BCA-A758-BD52770879C5}.Release|Any CPU.Build.0 = Release|Any CPU
	EndGlobalSection
	GlobalSection(SolutionProperties) = preSolution
		HideSolutionNode = FALSE
	EndGlobalSection
	GlobalSection(NestedProjects) = preSolution
		{54771131-4B75-40CF-A997-933EE654BF1F} = {097FCDF1-3CCF-4049-B916-66051A5BEDEA}
		{44EFA60B-BF53-45FF-9CC7-3E25EB80B07F} = {097FCDF1-3CCF-4049-B916-66051A5BEDEA}
		{E16AC427-1820-4A3F-8963-EAFEED9F02CD} = {097FCDF1-3CCF-4049-B916-66051A5BEDEA}
		{8B7C5635-98D4-4F77-9FAF-65B5F5D77333} = {097FCDF1-3CCF-4049-B916-66051A5BEDEA}
		{D842E402-D459-407C-8426-90F98D24053A} = {E16AC427-1820-4A3F-8963-EAFEED9F02CD}
		{DF4FCDD0-6CF7-44AC-B3BA-73CB52D03AFD} = {E16AC427-1820-4A3F-8963-EAFEED9F02CD}
		{43741527-B7B2-4863-82CE-28392754F42D} = {44EFA60B-BF53-45FF-9CC7-3E25EB80B07F}
		{D7CDB51F-E00A-42E3-AA62-3CF87BBFDE87} = {44EFA60B-BF53-45FF-9CC7-3E25EB80B07F}
		{50DB1AE9-0226-43C3-ADC4-92F29431CBCC} = {8B7C5635-98D4-4F77-9FAF-65B5F5D77333}
		{31FB2CA3-436A-4BCA-A758-BD52770879C5} = {44EFA60B-BF53-45FF-9CC7-3E25EB80B07F}
	EndGlobalSection
	GlobalSection(ExtensibilityGlobals) = postSolution
		SolutionGuid = {97809ED2-2B1D-40ED-8CFE-F31E4CEA17C1}
	EndGlobalSection
EndGlobal
